
Microsoft Visual Studio Solution File, Format Version 12.00
# Visual Studio Version 16
VisualStudioVersion = 16.0.30225.117
MinimumVisualStudioVersion = 10.0.40219.1
Project("{FAE04EC0-301F-11D3-BF4B-00C04F79EFBC}") = "SpriteVisualizer", "SpriteVisualizer.csproj", "{EDD5575B-D6A0-4EDB-BE93-78E75FA8C9A5}"
EndProject
Global
	GlobalSection(SolutionConfigurationPlatforms) = preSolution
		Debug|Any CPU = Debug|Any CPU
		Release|Any CPU = Release|Any CPU
	EndGlobalSection
	GlobalSection(ProjectConfigurationPlatforms) = postSolution
		{EDD5575B-D6A0-4EDB-BE93-78E75FA8C9A5}.Debug|Any CPU.ActiveCfg = Debug|Any CPU
		{EDD5575B-D6A0-4EDB-BE93-78E75FA8C9A5}.Debug|Any CPU.Build.0 = Debug|Any CPU
		{EDD5575B-D6A0-4EDB-BE93-78E75FA8C9A5}.Release|Any CPU.ActiveCfg = Release|Any CPU
		{EDD5575B-D6A0-4EDB-BE93-78E75FA8C9A5}.Release|Any CPU.Build.0 = Release|Any CPU
	EndGlobalSection
	GlobalSection(SolutionProperties) = preSolution
		HideSolutionNode = FALSE
	EndGlobalSection
	GlobalSection(ExtensibilityGlobals) = postSolution
		SolutionGuid = {73CEBDAD-1A03-407B-9C7F-F53BD2A27028}
	EndGlobalSection
EndGlobal
